
Microsoft Visual Studio Solution File, Format Version 12.00
# Visual Studio 15
VisualStudioVersion = 15.0.26430.13
MinimumVisualStudioVersion = 10.0.40219.1
Project("{FAE04EC0-301F-11D3-BF4B-00C04F79EFBC}") = "uscheme", "uscheme\uscheme.csproj", "{63A63030-3BCF-4E9A-B9AC-99537A441FB8}"
EndProject
Project("{FAE04EC0-301F-11D3-BF4B-00C04F79EFBC}") = "uscheme-test", "uscheme-tests\uscheme-test.csproj", "{4CABEAE4-B9A9-4CF8-B798-08C14CEA06BE}"
EndProject
Project("{FAE04EC0-301F-11D3-BF4B-00C04F79EFBC}") = "uscheme-console", "uscheme-console\uscheme-console.csproj", "{9E05DBF7-DF58-458F-A3FC-67A0DB3C372C}"
EndProject
Global
	GlobalSection(SolutionConfigurationPlatforms) = preSolution
		Debug|Any CPU = Debug|Any CPU
		Release|Any CPU = Release|Any CPU
	EndGlobalSection
	GlobalSection(ProjectConfigurationPlatforms) = postSolution
		{63A63030-3BCF-4E9A-B9AC-99537A441FB8}.Debug|Any CPU.ActiveCfg = Debug|Any CPU
		{63A63030-3BCF-4E9A-B9AC-99537A441FB8}.Debug|Any CPU.Build.0 = Debug|Any CPU
		{63A63030-3BCF-4E9A-B9AC-99537A441FB8}.Release|Any CPU.ActiveCfg = Release|Any CPU
		{63A63030-3BCF-4E9A-B9AC-99537A441FB8}.Release|Any CPU.Build.0 = Release|Any CPU
		{4CABEAE4-B9A9-4CF8-B798-08C14CEA06BE}.Debug|Any CPU.ActiveCfg = Debug|Any CPU
		{4CABEAE4-B9A9-4CF8-B798-08C14CEA06BE}.Debug|Any CPU.Build.0 = Debug|Any CPU
		{4CABEAE4-B9A9-4CF8-B798-08C14CEA06BE}.Release|Any CPU.ActiveCfg = Release|Any CPU
		{4CABEAE4-B9A9-4CF8-B798-08C14CEA06BE}.Release|Any CPU.Build.0 = Release|Any CPU
		{9E05DBF7-DF58-458F-A3FC-67A0DB3C372C}.Debug|Any CPU.ActiveCfg = Debug|Any CPU
		{9E05DBF7-DF58-458F-A3FC-67A0DB3C372C}.Debug|Any CPU.Build.0 = Debug|Any CPU
		{9E05DBF7-DF58-458F-A3FC-67A0DB3C372C}.Release|Any CPU.ActiveCfg = Release|Any CPU
		{9E05DBF7-DF58-458F-A3FC-67A0DB3C372C}.Release|Any CPU.Build.0 = Release|Any CPU
	EndGlobalSection
	GlobalSection(SolutionProperties) = preSolution
		HideSolutionNode = FALSE
	EndGlobalSection
EndGlobal
